
Microsoft Visual Studio Solution File, Format Version 12.00
# Visual Studio Version 17
VisualStudioVersion = 17.7.34031.279
MinimumVisualStudioVersion = 10.0.40219.1
Project("{2150E333-8FDC-42A3-9474-1A3956D46DE8}") = "dataproviders", "dataproviders", "{8AB4D31B-CE2B-4025-A483-7ACD217EDDDD}"
EndProject
Project("{2150E333-8FDC-42A3-9474-1A3956D46DE8}") = "gui", "gui", "{F44F8F57-55E6-4C56-8B6C-B8708A5DFAA9}"
EndProject
Project("{9A19103F-16F7-4668-BE54-9A1E7A4F7556}") = "HiDb.WinForm", "Gui\HiDb.WinForm\HiDb.WinForm.csproj", "{C392046F-D150-4336-AF64-51DA8FDE9AE1}"
EndProject
Project("{9A19103F-16F7-4668-BE54-9A1E7A4F7556}") = "HiDb.DataProvider.MySql", "DataProviders\HiDb.DataProvider.MySql\HiDb.DataProvider.MySql.csproj", "{D702094A-F794-46F9-8538-4B1303A52004}"
EndProject
Project("{9A19103F-16F7-4668-BE54-9A1E7A4F7556}") = "HiDb.DataProvider.SqlServer", "DataProviders\HiDb.DataProvider.SqlServer\HiDb.DataProvider.SqlServer.csproj", "{910F0A57-F28B-4955-9691-DDA1DA4C24BB}"
EndProject
Project("{2150E333-8FDC-42A3-9474-1A3956D46DE8}") = "test", "test", "{9DBEF6AD-5FEA-4DF1-B19D-C0EDFC2D3D75}"
EndProject
Project("{9A19103F-16F7-4668-BE54-9A1E7A4F7556}") = "DataProvider.UnitTest", "Test\DataProvider.UnitTest\DataProvider.UnitTest.csproj", "{B2BEB3FC-7374-4E82-9511-9D74EA7F71AD}"
EndProject
Project("{9A19103F-16F7-4668-BE54-9A1E7A4F7556}") = "HiDb.DataProvider", "DataProviders\HiDb.DataProvider\HiDb.DataProvider.csproj", "{E3892B85-A36C-42AC-93AA-F49419DD3608}"
EndProject
Project("{2150E333-8FDC-42A3-9474-1A3956D46DE8}") = "services", "services", "{099C906E-4E64-4ADF-BD38-2E29F9F42A6D}"
EndProject
Project("{9A19103F-16F7-4668-BE54-9A1E7A4F7556}") = "HiDb.Api", "Services\HiDb.Api\HiDb.Api.csproj", "{999B85BD-CE61-4CB9-A5C0-CB749A380AA9}"
EndProject
Global
	GlobalSection(SolutionConfigurationPlatforms) = preSolution
		Debug|Any CPU = Debug|Any CPU
		Release|Any CPU = Release|Any CPU
	EndGlobalSection
	GlobalSection(ProjectConfigurationPlatforms) = postSolution
		{C392046F-D150-4336-AF64-51DA8FDE9AE1}.Debug|Any CPU.ActiveCfg = Debug|Any CPU
		{C392046F-D150-4336-AF64-51DA8FDE9AE1}.Debug|Any CPU.Build.0 = Debug|Any CPU
		{C392046F-D150-4336-AF64-51DA8FDE9AE1}.Release|Any CPU.ActiveCfg = Release|Any CPU
		{C392046F-D150-4336-AF64-51DA8FDE9AE1}.Release|Any CPU.Build.0 = Release|Any CPU
		{D702094A-F794-46F9-8538-4B1303A52004}.Debug|Any CPU.ActiveCfg = Debug|Any CPU
		{D702094A-F794-46F9-8538-4B1303A52004}.Debug|Any CPU.Build.0 = Debug|Any CPU
		{D702094A-F794-46F9-8538-4B1303A52004}.Release|Any CPU.ActiveCfg = Release|Any CPU
		{D702094A-F794-46F9-8538-4B1303A52004}.Release|Any CPU.Build.0 = Release|Any CPU
		{910F0A57-F28B-4955-9691-DDA1DA4C24BB}.Debug|Any CPU.ActiveCfg = Debug|Any CPU
		{910F0A57-F28B-4955-9691-DDA1DA4C24BB}.Debug|Any CPU.Build.0 = Debug|Any CPU
		{910F0A57-F28B-4955-9691-DDA1DA4C24BB}.Release|Any CPU.ActiveCfg = Release|Any CPU
		{910F0A57-F28B-4955-9691-DDA1DA4C24BB}.Release|Any CPU.Build.0 = Release|Any CPU
		{B2BEB3FC-7374-4E82-9511-9D74EA7F71AD}.Debug|Any CPU.ActiveCfg = Debug|Any CPU
		{B2BEB3FC-7374-4E82-9511-9D74EA7F71AD}.Debug|Any CPU.Build.0 = Debug|Any CPU
		{B2BEB3FC-7374-4E82-9511-9D74EA7F71AD}.Release|Any CPU.ActiveCfg = Release|Any CPU
		{B2BEB3FC-7374-4E82-9511-9D74EA7F71AD}.Release|Any CPU.Build.0 = Release|Any CPU
		{E3892B85-A36C-42AC-93AA-F49419DD3608}.Debug|Any CPU.ActiveCfg = Debug|Any CPU
		{E3892B85-A36C-42AC-93AA-F49419DD3608}.Debug|Any CPU.Build.0 = Debug|Any CPU
		{E3892B85-A36C-42AC-93AA-F49419DD3608}.Release|Any CPU.ActiveCfg = Release|Any CPU
		{E3892B85-A36C-42AC-93AA-F49419DD3608}.Release|Any CPU.Build.0 = Release|Any CPU
		{999B85BD-CE61-4CB9-A5C0-CB749A380AA9}.Debug|Any CPU.ActiveCfg = Debug|Any CPU
		{999B85BD-CE61-4CB9-A5C0-CB749A380AA9}.Debug|Any CPU.Build.0 = Debug|Any CPU
		{999B85BD-CE61-4CB9-A5C0-CB749A380AA9}.Release|Any CPU.ActiveCfg = Release|Any CPU
		{999B85BD-CE61-4CB9-A5C0-CB749A380AA9}.Release|Any CPU.Build.0 = Release|Any CPU
	EndGlobalSection
	GlobalSection(SolutionProperties) = preSolution
		HideSolutionNode = FALSE
	EndGlobalSection
	GlobalSection(NestedProjects) = preSolution
		{C392046F-D150-4336-AF64-51DA8FDE9AE1} = {F44F8F57-55E6-4C56-8B6C-B8708A5DFAA9}
		{D702094A-F794-46F9-8538-4B1303A52004} = {8AB4D31B-CE2B-4025-A483-7ACD217EDDDD}
		{910F0A57-F28B-4955-9691-DDA1DA4C24BB} = {8AB4D31B-CE2B-4025-A483-7ACD217EDDDD}
		{B2BEB3FC-7374-4E82-9511-9D74EA7F71AD} = {9DBEF6AD-5FEA-4DF1-B19D-C0EDFC2D3D75}
		{E3892B85-A36C-42AC-93AA-F49419DD3608} = {8AB4D31B-CE2B-4025-A483-7ACD217EDDDD}
		{999B85BD-CE61-4CB9-A5C0-CB749A380AA9} = {099C906E-4E64-4ADF-BD38-2E29F9F42A6D}
	EndGlobalSection
	GlobalSection(ExtensibilityGlobals) = postSolution
		SolutionGuid = {0E3F01F2-2121-45BF-968B-99EE702F8C2F}
	EndGlobalSection
EndGlobal
